hash: 1a774bfbf3af271c4301f66b5f375020f4fbe0901c6aee9c02c7da671e639d68
updated: 2016-11-16T00:51:13.574714918+01:00
imports:
- name: github.com/blang/semver
  version: 60ec3488bfea7cca02b021d106d9911120d25fe9
- name: github.com/cloudfoundry-incubator/candiedyaml
  version: 99c3df83b51532e3615f851d8c2dbb638f5313bf
- name: github.com/coreos/go-oidc
  version: 16c5ecc505f1efa0fe4685826fd9962c4d137e87
  subpackages:
  - http
  - jose
  - key
  - oauth2
  - oidc
- name: github.com/coreos/pkg
  version: 447b7ec906e523386d9c53be15b55a8ae86ea944
  subpackages:
  - health
  - httputil
  - timeutil
- name: github.com/davecgh/go-spew
  version: 6d212800a42e8ab5c146b8ace3490ee17e5225f9
  subpackages:
  - spew
- name: github.com/docker/distribution
  version: 1921dde3f1e52bf7dac07a0a2fcd55b770e134c5
  subpackages:
  - digest
  - reference
- name: github.com/emicklei/go-restful
  version: 3d66f886316ac990eb502aaa89ea38546420b8b7
  subpackages:
  - log
  - swagger
- name: github.com/ghodss/yaml
  version: aa0c862057666179de291b67d9f093d12b5a8473
- name: github.com/go-openapi/jsonpointer
  version: 8d96a2dc61536b690bd36b2e9df0b3c0b62825b2
- name: github.com/go-openapi/jsonreference
  version: 36d33bfe519efae5632669801b180bf1a245da3b
- name: github.com/go-openapi/spec
  version: d1c18b339aece4b16ead6d253b85b6ad7180ea54
- name: github.com/go-openapi/swag
  version: 3b6d86cd965820f968760d5d419cb4add096bdd7
- name: github.com/gogo/protobuf
  version: 0394392b81058a7f972029451f06e528bb18ba50
  subpackages:
  - proto
  - sortkeys
- name: github.com/golang/glog
  version: 23def4e6c14b4da8ac2ed8007337bc5eb5007998
- name: github.com/golang/protobuf
  version: 8d92cf5fc15a4382f8964b08e1f42a75c0591aa3
  subpackages:
  - proto
- name: github.com/google/gofuzz
  version: fd52762d25a41827db7ef64c43756fd4b9f7e382
- name: github.com/howeyc/gopass
  version: f5387c492211eb133053880d23dfae62aa14123d
- name: github.com/imdario/mergo
  version: 50d4dbd4eb0e84778abe37cefef140271d96fade
- name: github.com/jonboulle/clockwork
  version: bcac9884e7502bb2b474c0339d889cb981a2f27f
- name: github.com/juju/ratelimit
  version: 77ed1c8a01217656d2080ad51981f6e99adaa177
- name: github.com/mailru/easyjson
  version: 159cdb893c982e3d1bc6450322fedd514f9c9de3
  subpackages:
  - buffer
  - jlexer
  - jwriter
- name: github.com/pborman/uuid
  version: 3d4f2ba23642d3cfd06bd4b54cf03d99d95c0f1b
- name: github.com/PuerkitoBio/purell
  version: 0bcb03f4b4d0a9428594752bd2a3b9aa0a9d4bd4
- name: github.com/PuerkitoBio/urlesc
  version: 5bd2802263f21d8788851d5305584c82a5c75d7e
- name: github.com/spf13/pflag
  version: b83537d79690b75cac5e021b036ae16792bf0f20
- name: github.com/ugorji/go
  version: faddd6128c66c4708f45fdc007f575f75e592a3c
  subpackages:
  - codec
- name: golang.org/x/crypto
  version: c197bcf24cde29d3f73c7b4ac6fd41f4384e8af6
  subpackages:
  - ssh/terminal
- name: golang.org/x/net
  version: 4876518f9e71663000c348837735820161a42df7
  subpackages:
  - context
  - http2
  - http2/hpack
  - idna
- name: golang.org/x/oauth2
  version: 045497edb6234273d67dbc25da3f2ddbc4c4cacf
  subpackages:
  - google
  - internal
  - jws
  - jwt
- name: golang.org/x/sys
  version: 67f277b6fe017c42fc3b4a445edc999dd99edd58
  subpackages:
  - unix
- name: golang.org/x/text
  version: ede1cb9f9f2f84c3bace9ca113fd740fc916cdd0
  subpackages:
  - transform
  - unicode/norm
  - width
- name: google.golang.org/appengine
  version: 12d5545dc1cfa6047a286d5e853841b6471f4c19
  subpackages:
  - internal
  - internal/app_identity
  - internal/base
  - internal/datastore
  - internal/log
  - internal/modules
  - internal/remote_api
  - internal/urlfetch
  - urlfetch
- name: google.golang.org/cloud
  version: 975617b05ea8a58727e6c1a06b6161ff4185a9f2
  subpackages:
  - compute/metadata
  - internal
  - internal/opts
  - storage
- name: gopkg.in/inf.v0
  version: 3887ee99ecf07df5b447e9b00d9c0b2adaa9f3e4
- name: k8s.io/client-go
  version: f8e519fcc08881bcfe82d8755046df62ea30fda0
  subpackages:
  - 1.5/discovery
  - 1.5/kubernetes
  - 1.5/kubernetes/typed/apps/v1alpha1
  - 1.5/kubernetes/typed/authentication/v1beta1
  - 1.5/kubernetes/typed/authorization/v1beta1
  - 1.5/kubernetes/typed/autoscaling/v1
  - 1.5/kubernetes/typed/batch/v1
  - 1.5/kubernetes/typed/certificates/v1alpha1
  - 1.5/kubernetes/typed/core/v1
  - 1.5/kubernetes/typed/extensions/v1beta1
  - 1.5/kubernetes/typed/policy/v1alpha1
  - 1.5/kubernetes/typed/rbac/v1alpha1
  - 1.5/kubernetes/typed/storage/v1beta1
  - 1.5/pkg/api
  - 1.5/pkg/api/errors
  - 1.5/pkg/api/install
  - 1.5/pkg/api/meta
  - 1.5/pkg/api/meta/metatypes
  - 1.5/pkg/api/resource
  - 1.5/pkg/api/unversioned
  - 1.5/pkg/api/v1
  - 1.5/pkg/api/validation/path
  - 1.5/pkg/apimachinery
  - 1.5/pkg/apimachinery/announced
  - 1.5/pkg/apimachinery/registered
  - 1.5/pkg/apis/apps
  - 1.5/pkg/apis/apps/install
  - 1.5/pkg/apis/apps/v1alpha1
  - 1.5/pkg/apis/authentication
  - 1.5/pkg/apis/authentication/install
  - 1.5/pkg/apis/authentication/v1beta1
  - 1.5/pkg/apis/authorization
  - 1.5/pkg/apis/authorization/install
  - 1.5/pkg/apis/authorization/v1beta1
  - 1.5/pkg/apis/autoscaling
  - 1.5/pkg/apis/autoscaling/install
  - 1.5/pkg/apis/autoscaling/v1
  - 1.5/pkg/apis/batch
  - 1.5/pkg/apis/batch/install
  - 1.5/pkg/apis/batch/v1
  - 1.5/pkg/apis/batch/v2alpha1
  - 1.5/pkg/apis/certificates
  - 1.5/pkg/apis/certificates/install
  - 1.5/pkg/apis/certificates/v1alpha1
  - 1.5/pkg/apis/extensions
  - 1.5/pkg/apis/extensions/install
  - 1.5/pkg/apis/extensions/v1beta1
  - 1.5/pkg/apis/policy
  - 1.5/pkg/apis/policy/install
  - 1.5/pkg/apis/policy/v1alpha1
  - 1.5/pkg/apis/rbac
  - 1.5/pkg/apis/rbac/install
  - 1.5/pkg/apis/rbac/v1alpha1
  - 1.5/pkg/apis/storage
  - 1.5/pkg/apis/storage/install
  - 1.5/pkg/apis/storage/v1beta1
  - 1.5/pkg/auth/user
  - 1.5/pkg/conversion
  - 1.5/pkg/conversion/queryparams
  - 1.5/pkg/fields
  - 1.5/pkg/genericapiserver/openapi/common
  - 1.5/pkg/labels
  - 1.5/pkg/runtime
  - 1.5/pkg/runtime/serializer
  - 1.5/pkg/runtime/serializer/json
  - 1.5/pkg/runtime/serializer/protobuf
  - 1.5/pkg/runtime/serializer/recognizer
  - 1.5/pkg/runtime/serializer/streaming
  - 1.5/pkg/runtime/serializer/versioning
  - 1.5/pkg/selection
  - 1.5/pkg/third_party/forked/golang/reflect
  - 1.5/pkg/types
  - 1.5/pkg/util
  - 1.5/pkg/util/cert
  - 1.5/pkg/util/clock
  - 1.5/pkg/util/errors
  - 1.5/pkg/util/flowcontrol
  - 1.5/pkg/util/framer
  - 1.5/pkg/util/homedir
  - 1.5/pkg/util/integer
  - 1.5/pkg/util/intstr
  - 1.5/pkg/util/json
  - 1.5/pkg/util/labels
  - 1.5/pkg/util/net
  - 1.5/pkg/util/parsers
  - 1.5/pkg/util/rand
  - 1.5/pkg/util/runtime
  - 1.5/pkg/util/sets
  - 1.5/pkg/util/uuid
  - 1.5/pkg/util/validation
  - 1.5/pkg/util/validation/field
  - 1.5/pkg/util/wait
  - 1.5/pkg/util/yaml
  - 1.5/pkg/version
  - 1.5/pkg/watch
  - 1.5/pkg/watch/versioned
  - 1.5/plugin/pkg/client/auth
  - 1.5/plugin/pkg/client/auth/gcp
  - 1.5/plugin/pkg/client/auth/oidc
  - 1.5/rest
  - 1.5/tools/auth
  - 1.5/tools/clientcmd
  - 1.5/tools/clientcmd/api
  - 1.5/tools/clientcmd/api/latest
  - 1.5/tools/clientcmd/api/v1
  - 1.5/tools/metrics
  - 1.5/transport
testImports: []
